// !$*UTF8*$!
{
	archiveVersion = 1;
	classes = {
	};
	objectVersion = 46;
	objects = {

/* Begin PBXBuildFile section */
		4235EC7F1D3C791400B0F4E1 /* CorePushAppManager.swift in Sources */ = {isa = PBXBuildFile; fileRef = 4235EC7E1D3C791400B0F4E1 /* CorePushAppManager.swift */; };
		4235EC811D3CAF4200B0F4E1 /* CorePushConst.swift in Sources */ = {isa = PBXBuildFile; fileRef = 4235EC801D3CAF4200B0F4E1 /* CorePushConst.swift */; };
		4235EC831D3E5FDE00B0F4E1 /* CorePushHistoryManager.swift in Sources */ = {isa = PBXBuildFile; fileRef = 4235EC821D3E5FDE00B0F4E1 /* CorePushHistoryManager.swift */; };
		4235EC851D3E699E00B0F4E1 /* TokenRegisterViewController.swift in Sources */ = {isa = PBXBuildFile; fileRef = 4235EC841D3E699E00B0F4E1 /* TokenRegisterViewController.swift */; };
		4235EC871D3E69AC00B0F4E1 /* TokenUnregisterViewController.swift in Sources */ = {isa = PBXBuildFile; fileRef = 4235EC861D3E69AC00B0F4E1 /* TokenUnregisterViewController.swift */; };
		4235EC891D3E69F200B0F4E1 /* HistoryViewController.swift in Sources */ = {isa = PBXBuildFile; fileRef = 4235EC881D3E69F200B0F4E1 /* HistoryViewController.swift */; };
		424C2E6B1D3C74B800D82FE0 /* AppDelegate.swift in Sources */ = {isa = PBXBuildFile; fileRef = 424C2E6A1D3C74B800D82FE0 /* AppDelegate.swift */; };
		424C2E6D1D3C74B800D82FE0 /* MainViewController.swift in Sources */ = {isa = PBXBuildFile; fileRef = 424C2E6C1D3C74B800D82FE0 /* MainViewController.swift */; };
		424C2E701D3C74B800D82FE0 /* Main.storyboard in Resources */ = {isa = PBXBuildFile; fileRef = 424C2E6E1D3C74B800D82FE0 /* Main.storyboard */; };
		424C2E721D3C74B800D82FE0 /* Assets.xcassets in Resources */ = {isa = PBXBuildFile; fileRef = 424C2E711D3C74B800D82FE0 /* Assets.xcassets */; };
		424C2E751D3C74B800D82FE0 /* LaunchScreen.storyboard in Resources */ = {isa = PBXBuildFile; fileRef = 424C2E731D3C74B800D82FE0 /* LaunchScreen.storyboard */; };
		42B6F8131D3E80C100085CD6 /* CorePushUtil.swift in Sources */ = {isa = PBXBuildFile; fileRef = 42B6F8121D3E80C100085CD6 /* CorePushUtil.swift */; };
/* End PBXBuildFile section */

/* Begin PBXFileReference section */
		4235EC7E1D3C791400B0F4E1 /* CorePushAppManager.swift */ = {isa = PBXFileReference; fileEncoding = 4; lastKnownFileType = sourcecode.swift; path = CorePushAppManager.swift; sourceTree = "<group>"; };
		4235EC801D3CAF4200B0F4E1 /* CorePushConst.swift */ = {isa = PBXFileReference; fileEncoding = 4; lastKnownFileType = sourcecode.swift; path = CorePushConst.swift; sourceTree = "<group>"; };
		4235EC821D3E5FDE00B0F4E1 /* CorePushHistoryManager.swift */ = {isa = PBXFileReference; fileEncoding = 4; lastKnownFileType = sourcecode.swift; path = CorePushHistoryManager.swift; sourceTree = "<group>"; };
		4235EC841D3E699E00B0F4E1 /* TokenRegisterViewController.swift */ = {isa = PBXFileReference; fileEncoding = 4; lastKnownFileType = sourcecode.swift; path = TokenRegisterViewController.swift; sourceTree = "<group>"; };
		4235EC861D3E69AC00B0F4E1 /* TokenUnregisterViewController.swift */ = {isa = PBXFileReference; fileEncoding = 4; lastKnownFileType = sourcecode.swift; path = TokenUnregisterViewController.swift; sourceTree = "<group>"; };
		4235EC881D3E69F200B0F4E1 /* HistoryViewController.swift */ = {isa = PBXFileReference; fileEncoding = 4; lastKnownFileType = sourcecode.swift; path = HistoryViewController.swift; sourceTree = "<group>"; };
		424C2E671D3C74B800D82FE0 /* CorePush-API-iOS-Samples.app */ = {isa = PBXFileReference; explicitFileType = wrapper.application; includeInIndex = 0; path = "CorePush-API-iOS-Samples.app"; sourceTree = BUILT_PRODUCTS_DIR; };
		424C2E6A1D3C74B800D82FE0 /* AppDelegate.swift */ = {isa = PBXFileReference; lastKnownFileType = sourcecode.swift; path = AppDelegate.swift; sourceTree = "<group>"; };
		424C2E6C1D3C74B800D82FE0 /* MainViewController.swift */ = {isa = PBXFileReference; lastKnownFileType = sourcecode.swift; path = MainViewController.swift; sourceTree = "<group>"; };
		424C2E6F1D3C74B800D82FE0 /* Base */ = {isa = PBXFileReference; lastKnownFileType = file.storyboard; name = Base; path = Base.lproj/Main.storyboard; sourceTree = "<group>"; };
		424C2E711D3C74B800D82FE0 /* Assets.xcassets */ = {isa = PBXFileReference; lastKnownFileType = folder.assetcatalog; path = Assets.xcassets; sourceTree = "<group>"; };
		424C2E741D3C74B800D82FE0 /* Base */ = {isa = PBXFileReference; lastKnownFileType = file.storyboard; name = Base; path = Base.lproj/LaunchScreen.storyboard; sourceTree = "<group>"; };
		424C2E761D3C74B800D82FE0 /* Info.plist */ = {isa = PBXFileReference; lastKnownFileType = text.plist.xml; path = Info.plist; sourceTree = "<group>"; };
		42B6F8121D3E80C100085CD6 /* CorePushUtil.swift */ = {isa = PBXFileReference; fileEncoding = 4; lastKnownFileType = sourcecode.swift; path = CorePushUtil.swift; sourceTree = "<group>"; };
/* End PBXFileReference section */

/* Begin PBXFrameworksBuildPhase section */
		424C2E641D3C74B800D82FE0 /* Frameworks */ = {
			isa = PBXFrameworksBuildPhase;
			buildActionMask = 2147483647;
			files = (
			);
			runOnlyForDeploymentPostprocessing = 0;
		};
/* End PBXFrameworksBuildPhase section */

/* Begin PBXGroup section */
		424C2E5E1D3C74B800D82FE0 = {
			isa = PBXGroup;
			children = (
				424C2E691D3C74B800D82FE0 /* CorePush-API-iOS-Samples */,
				424C2E681D3C74B800D82FE0 /* Products */,
			);
			sourceTree = "<group>";
		};
		424C2E681D3C74B800D82FE0 /* Products */ = {
			isa = PBXGroup;
			children = (
				424C2E671D3C74B800D82FE0 /* CorePush-API-iOS-Samples.app */,
			);
			name = Products;
			sourceTree = "<group>";
		};
		424C2E691D3C74B800D82FE0 /* CorePush-API-iOS-Samples */ = {
			isa = PBXGroup;
			children = (
				424C2E6A1D3C74B800D82FE0 /* AppDelegate.swift */,
				4235EC841D3E699E00B0F4E1 /* TokenRegisterViewController.swift */,
				4235EC861D3E69AC00B0F4E1 /* TokenUnregisterViewController.swift */,
				4235EC881D3E69F200B0F4E1 /* HistoryViewController.swift */,
				424C2E6C1D3C74B800D82FE0 /* MainViewController.swift */,
				4235EC7E1D3C791400B0F4E1 /* CorePushAppManager.swift */,
				4235EC821D3E5FDE00B0F4E1 /* CorePushHistoryManager.swift */,
				42B6F8121D3E80C100085CD6 /* CorePushUtil.swift */,
				4235EC801D3CAF4200B0F4E1 /* CorePushConst.swift */,
				424C2E6E1D3C74B800D82FE0 /* Main.storyboard */,
				424C2E711D3C74B800D82FE0 /* Assets.xcassets */,
				424C2E731D3C74B800D82FE0 /* LaunchScreen.storyboard */,
				424C2E761D3C74B800D82FE0 /* Info.plist */,
			);
			path = "CorePush-API-iOS-Samples";
			sourceTree = "<group>";
		};
/* End PBXGroup section */

/* Begin PBXNativeTarget section */
		424C2E661D3C74B800D82FE0 /* CorePush-API-iOS-Samples */ = {
			isa = PBXNativeTarget;
			buildConfigurationList = 424C2E791D3C74B800D82FE0 /* Build configuration list for PBXNativeTarget "CorePush-API-iOS-Samples" */;
			buildPhases = (
				424C2E631D3C74B800D82FE0 /* Sources */,
				424C2E641D3C74B800D82FE0 /* Frameworks */,
				424C2E651D3C74B800D82FE0 /* Resources */,
			);
			buildRules = (
			);
			dependencies = (
			);
			name = "CorePush-API-iOS-Samples";
			productName = "CorePush-API-iOS-Samples";
			productReference = 424C2E671D3C74B800D82FE0 /* CorePush-API-iOS-Samples.app */;
			productType = "com.apple.product-type.application";
		};
/* End PBXNativeTarget section */

/* Begin PBXProject section */
		424C2E5F1D3C74B800D82FE0 /* Project object */ = {
			isa = PBXProject;
			attributes = {
				LastSwiftUpdateCheck = 0730;
				LastUpgradeCheck = 0730;
				ORGANIZATIONNAME = BlessService;
				TargetAttributes = {
					424C2E661D3C74B800D82FE0 = {
						CreatedOnToolsVersion = 7.3;
					};
				};
			};
			buildConfigurationList = 424C2E621D3C74B800D82FE0 /* Build configuration list for PBXProject "CorePush-API-iOS-Samples" */;
			compatibilityVersion = "Xcode 3.2";
			developmentRegion = English;
			hasScannedForEncodings = 0;
			knownRegions = (
				en,
				Base,
			);
			mainGroup = 424C2E5E1D3C74B800D82FE0;
			productRefGroup = 424C2E681D3C74B800D82FE0 /* Products */;
			projectDirPath = "";
			projectRoot = "";
			targets = (
				424C2E661D3C74B800D82FE0 /* CorePush-API-iOS-Samples */,
			);
		};
/* End PBXProject section */

/* Begin PBXResourcesBuildPhase section */
		424C2E651D3C74B800D82FE0 /* Resources */ = {
			isa = PBXResourcesBuildPhase;
			buildActionMask = 2147483647;
			files = (
				424C2E751D3C74B800D82FE0 /* LaunchScreen.storyboard in Resources */,
				424C2E721D3C74B800D82FE0 /* Assets.xcassets in Resources */,
				424C2E701D3C74B800D82FE0 /* Main.storyboard in Resources */,
			);
			runOnlyForDeploymentPostprocessing = 0;
		};
/* End PBXResourcesBuildPhase section */

/* Begin PBXSourcesBuildPhase section */
		424C2E631D3C74B800D82FE0 /* Sources */ = {
			isa = PBXSourcesBuildPhase;
			buildActionMask = 2147483647;
			files = (
				424C2E6D1D3C74B800D82FE0 /* MainViewController.swift in Sources */,
				4235EC871D3E69AC00B0F4E1 /* TokenUnregisterViewController.swift in Sources */,
				424C2E6B1D3C74B800D82FE0 /* AppDelegate.swift in Sources */,
				4235EC831D3E5FDE00B0F4E1 /* CorePushHistoryManager.swift in Sources */,
				4235EC811D3CAF4200B0F4E1 /* CorePushConst.swift in Sources */,
				4235EC7F1D3C791400B0F4E1 /* CorePushAppManager.swift in Sources */,
				4235EC851D3E699E00B0F4E1 /* TokenRegisterViewController.swift in Sources */,
				4235EC891D3E69F200B0F4E1 /* HistoryViewController.swift in Sources */,
				42B6F8131D3E80C100085CD6 /* CorePushUtil.swift in Sources */,
			);
			runOnlyForDeploymentPostprocessing = 0;
		};
/* End PBXSourcesBuildPhase section */

/* Begin PBXVariantGroup section */
		424C2E6E1D3C74B800D82FE0 /* Main.storyboard */ = {
			isa = PBXVariantGroup;
			children = (
				424C2E6F1D3C74B800D82FE0 /* Base */,
			);
			name = Main.storyboard;
			sourceTree = "<group>";
		};
		424C2E731D3C74B800D82FE0 /* LaunchScreen.storyboard */ = {
			isa = PBXVariantGroup;
			children = (
				424C2E741D3C74B800D82FE0 /* Base */,
			);
			name = LaunchScreen.storyboard;
			sourceTree = "<group>";
		};
/* End PBXVariantGroup section */

/* Begin XCBuildConfiguration section */
		424C2E771D3C74B800D82FE0 /* Debug */ = {
			isa = XCBuildConfiguration;
			buildSettings = {
				ALWAYS_SEARCH_USER_PATHS = NO;
				CLANG_ANALYZER_NONNULL = YES;
				CLANG_CXX_LANGUAGE_STANDARD = "gnu++0x";
				CLANG_CXX_LIBRARY = "libc++";
				CLANG_ENABLE_MODULES = YES;
				CLANG_ENABLE_OBJC_ARC = YES;
				CLANG_WARN_BOOL_CONVERSION = YES;
				CLANG_WARN_CONSTANT_CONVERSION = YES;
				CLANG_WARN_DIRECT_OBJC_ISA_USAGE = YES_ERROR;
				CLANG_WARN_EMPTY_BODY = YES;
				CLANG_WARN_ENUM_CONVERSION = YES;
				CLANG_WARN_INT_CONVERSION = YES;
				CLANG_WARN_OBJC_ROOT_CLASS = YES_ERROR;
				CLANG_WARN_UNREACHABLE_CODE = YES;
				CLANG_WARN__DUPLICATE_METHOD_MATCH = YES;
				"CODE_SIGN_IDENTITY[sdk=iphoneos*]" = "iPhone Developer";
				COPY_PHASE_STRIP = NO;
				DEBUG_INFORMATION_FORMAT = dwarf;
				ENABLE_STRICT_OBJC_MSGSEND = YES;
				ENABLE_TESTABILITY = YES;
				GCC_C_LANGUAGE_STANDARD = gnu99;
				GCC_DYNAMIC_NO_PIC = NO;
				GCC_NO_COMMON_BLOCKS = YES;
				GCC_OPTIMIZATION_LEVEL = 0;
				GCC_PREPROCESSOR_DEFINITIONS = (
					"DEBUG=1",
					"$(inherited)",
				);
				GCC_WARN_64_TO_32_BIT_CONVERSION = YES;
				GCC_WARN_ABOUT_RETURN_TYPE = YES_ERROR;
				GCC_WARN_UNDECLARED_SELECTOR = YES;
				GCC_WARN_UNINITIALIZED_AUTOS = YES_AGGRESSIVE;
				GCC_WARN_UNUSED_FUNCTION = YES;
				GCC_WARN_UNUSED_VARIABLE = YES;
				IPHONEOS_DEPLOYMENT_TARGET = 9.3;
				MTL_ENABLE_DEBUG_INFO = YES;
				ONLY_ACTIVE_ARCH = YES;
				SDKROOT = iphoneos;
				SWIFT_OPTIMIZATION_LEVEL = "-Onone";
			};
			name = Debug;
		};
		424C2E781D3C74B800D82FE0 /* Release */ = {
			isa = XCBuildConfiguration;
			buildSettings = {
				ALWAYS_SEARCH_USER_PATHS = NO;
				CLANG_ANALYZER_NONNULL = YES;
				CLANG_CXX_LANGUAGE_STANDARD = "gnu++0x";
				CLANG_CXX_LIBRARY = "libc++";
				CLANG_ENABLE_MODULES = YES;
				CLANG_ENABLE_OBJC_ARC = YES;
				CLANG_WARN_BOOL_CONVERSION = YES;
				CLANG_WARN_CONSTANT_CONVERSION = YES;
				CLANG_WARN_DIRECT_OBJC_ISA_USAGE = YES_ERROR;
				CLANG_WARN_EMPTY_BODY = YES;
				CLANG_WARN_ENUM_CONVERSION = YES;
				CLANG_WARN_INT_CONVERSION = YES;
				CLANG_WARN_OBJC_ROOT_CLASS = YES_ERROR;
				CLANG_WARN_UNREACHABLE_CODE = YES;
				CLANG_WARN__DUPLICATE_METHOD_MATCH = YES;
				"CODE_SIGN_IDENTITY[sdk=iphoneos*]" = "iPhone Developer";
				COPY_PHASE_STRIP = NO;
				DEBUG_INFORMATION_FORMAT = "dwarf-with-dsym";
				ENABLE_NS_ASSERTIONS = NO;
				ENABLE_STRICT_OBJC_MSGSEND = YES;
				GCC_C_LANGUAGE_STANDARD = gnu99;
				GCC_NO_COMMON_BLOCKS = YES;
				GCC_WARN_64_TO_32_BIT_CONVERSION = YES;
				GCC_WARN_ABOUT_RETURN_TYPE = YES_ERROR;
				GCC_WARN_UNDECLARED_SELECTOR = YES;
				GCC_WARN_UNINITIALIZED_AUTOS = YES_AGGRESSIVE;
				GCC_WARN_UNUSED_FUNCTION = YES;
				GCC_WARN_UNUSED_VARIABLE = YES;
				IPHONEOS_DEPLOYMENT_TARGET = 9.3;
				MTL_ENABLE_DEBUG_INFO = NO;
				SDKROOT = iphoneos;
				VALIDATE_PRODUCT = YES;
			};
			name = Release;
		};
		424C2E7A1D3C74B800D82FE0 /* Debug */ = {
			isa = XCBuildConfiguration;
			buildSettings = {
				ASSETCATALOG_COMPILER_APPICON_NAME = AppIcon;
				INFOPLIST_FILE = "CorePush-API-iOS-Samples/Info.plist";
				IPHONEOS_DEPLOYMENT_TARGET = 7.0;
				LD_RUNPATH_SEARCH_PATHS = "$(inherited) @executable_path/Frameworks";
				PRODUCT_BUNDLE_IDENTIFIER = "com.coreasp.api.samples.CorePush-API-iOS-Samples";
				PRODUCT_NAME = "$(TARGET_NAME)";
			};
			name = Debug;
		};
		424C2E7B1D3C74B800D82FE0 /* Release */ = {
			isa = XCBuildConfiguration;
			buildSettings = {
				ASSETCATALOG_COMPILER_APPICON_NAME = AppIcon;
				"CODE_SIGN_IDENTITY[sdk=iphoneos*]" = "iPhone Distribution: Bless Service (AP8SJDUP6T)";
				INFOPLIST_FILE = "CorePush-API-iOS-Samples/Info.plist";
				IPHONEOS_DEPLOYMENT_TARGET = 7.0;
				LD_RUNPATH_SEARCH_PATHS = "$(inherited) @executable_path/Frameworks";
				PRODUCT_BUNDLE_IDENTIFIER = "com.coreasp.api.samples.CorePush-API-iOS-Samples";
				PRODUCT_NAME = "$(TARGET_NAME)";
				PROVISIONING_PROFILE = "720af850-aaf8-4780-831f-a21685cf25d0";
			};
			name = Release;
		};
/* End XCBuildConfiguration section */

/* Begin XCConfigurationList section */
		424C2E621D3C74B800D82FE0 /* Build configuration list for PBXProject "CorePush-API-iOS-Samples" */ = {
			isa = XCConfigurationList;
			buildConfigurations = (
				424C2E771D3C74B800D82FE0 /* Debug */,
				424C2E781D3C74B800D82FE0 /* Release */,
			);
			defaultConfigurationIsVisible = 0;
			defaultConfigurationName = Release;
		};
		424C2E791D3C74B800D82FE0 /* Build configuration list for PBXNativeTarget "CorePush-API-iOS-Samples" */ = {
			isa = XCConfigurationList;
			buildConfigurations = (
				424C2E7A1D3C74B800D82FE0 /* Debug */,
				424C2E7B1D3C74B800D82FE0 /* Release */,
			);
			defaultConfigurationIsVisible = 0;
			defaultConfigurationName = Release;
		};
/* End XCConfigurationList section */
	};
	rootObject = 424C2E5F1D3C74B800D82FE0 /* Project object */;
}
